darvaza.org/core v0.15.6 h1:hQ4GvE6G9I5nQNfzXKRFt3umZuwO0rFFiuMfMXGnUSY=
darvaza.org/core v0.15.6/go.mod h1:oKblI5yWNc1km+JzkFBF0w7lrr7M719cHWVwvvbjHek=
darvaza.org/x/fs v0.3.8 h1:hMgIa31y9SnzjpvQXgAvilwe2/aJ202FbmO5jNAzZCQ=
darvaza.org/x/fs v0.3.8/go.mod h1:arzwlD7jjo66Ls5WaV5+PQ4LOChVQ9LeT9klkitfwYA=
darvaza.org/x/tls v0.4.5 h1:idEXS2gyRN5AQhRr89ojEOmgdCO6oKNApUdJ1kUofxA=
darvaza.org/x/tls v0.4.5/go.mod h1:7N47Kbl2s675SZbtsKbrPs6lx0QOgNJMSHvyELZcDt0=
darvaza.org/x/web v0.9.6 h1:XXab+xHLfeSWjAb4CUOYdv7OxkfmQnN6FEyOOsem52o=
darvaza.org/x/web v0.9.6/go.mod h1:JRu2xvvRyMgEuW23ici6ORlN8vSaYU00UYeKKakODU4=
github.com/go-jose/go-jose/v4 v4.0.4 h1:VsjPI33J0SB9vQM6PLmNjoHqMQNGPiZ0rHL7Ni7Q6/E=
github.com/go-jose/go-jose/v4 v4.0.4/go.mod h1:NKb5HO1EZccyMpiZNbdUw/14tiXNyUJh188dfnMCAfc=
github.com/gobwas/glob v0.2.3 h1:A4xDbljILXROh+kObIiy5kIaPYD8e96x1tgBhUI5J+Y=
github.com/gobwas/glob v0.2.3/go.mod h1:d3Ez4x06l9bZtSvzIay5+Yzi0fmZzPgnTbPcKjJAkT8=
golang.org/x/net v0.34.0 h1:Mb7Mrk043xzHgnRM88suvJFwzVrRfHEHJEl5/71CKw0=
golang.org/x/net v0.34.0/go.mod h1:di0qlW3YNM5oh6GqDGQr92MyTozJPmybPK4Ev/Gm31k=
golang.org/x/text v0.21.0 h1:zyQAAkrwaneQ066sspRyJaG9VNi/YJ1NfzcGB3hZ/qo=
golang.org/x/text v0.21.0/go.mod h1:4IBbMaMmOPCJ8SecivzSH54+73PCFmPWxNTLm+vZkEQ=
