darvaza.org/core v0.21.2 h1:SrRMePdfDwvfV/fm3+3LUsVk6w54sRiHJH5pPN/TzBY=
darvaza.org/core v0.21.2/go.mod h1:ZwV0U4PZ2zkS/B1SDfsJFKqS7KN+XhppTfa80hm38k4=
darvaza.org/x/fs v0.7.0 h1:IaStDLYl1TLVurl7EXNH7oELGBQQhmS5wzz3nLJlbAE=
darvaza.org/x/fs v0.7.0/go.mod h1:L7xxI9RE2YlOhLd8/LwYWXX9Slbhk83MIsECRqNPIJU=
darvaza.org/x/tls v0.9.0 h1:QeVjabsmK+qosQwOlhnNrGhtMfLaBv/NPCNqAExsTCo=
darvaza.org/x/tls v0.9.0/go.mod h1:rSvB/v2aOQkEsuzLBtGwbIfwmTY9cxBWFz0psL9zffI=
darvaza.org/x/web v0.15.0 h1:CJDoKkararxqamoaNwgqrBzc7sqXmaUJg07GDliOTGU=
darvaza.org/x/web v0.15.0/go.mod h1:q/cnT7pi9uMVkePB0tTl5+wO+++reOAl3e+g/P4K1tM=
github.com/go-jose/go-jose/v4 v4.0.5 h1:M6T8+mKZl/+fNNuFHvGIzDz7BTLQPIounk/b9dw3AaE=
github.com/go-jose/go-jose/v4 v4.0.5/go.mod h1:s3P1lRrkT8igV8D9OjyL4WRyHvjB6a4JSllnOrmmBOA=
github.com/gobwas/glob v0.2.3 h1:A4xDbljILXROh+kObIiy5kIaPYD8e96x1tgBhUI5J+Y=
github.com/gobwas/glob v0.2.3/go.mod h1:d3Ez4x06l9bZtSvzIay5+Yzi0fmZzPgnTbPcKjJAkT8=
golang.org/x/net v0.57.0 h1:K5+3DljvIuDG9/Jv9rvyMywYNFCQ9RSUY6OOTTkT+tE=
golang.org/x/net v0.57.0/go.mod h1:KpXc8iv+r3XplLAG/f7Jsf9RPszJzdR0f58q9vGOuEU=
golang.org/x/text v0.40.0 h1:Ub2Z6/xjgF1WrYQz2nuITOEegKFtiIy+rieRJ5lHZKs=
golang.org/x/text v0.40.0/go.mod h1:hpnzDAfGV753zIKo+wk3u1bVKCGPbrnF7+7LBF/UHVY=
